
Microsoft Visual Studio Solution File, Format Version 12.00
# Visual Studio Version 17
VisualStudioVersion = 17.10.35027.167
MinimumVisualStudioVersion = 10.0.40219.1
Project("{2150E333-8FDC-42A3-9474-1A3956D46DE8}") = "01 - UI", "01 - UI", "{01130A74-17C9-4A64-B1D1-5C36452A77B2}"
EndProject
Project("{2150E333-8FDC-42A3-9474-1A3956D46DE8}") = "02 - API", "02 - API", "{3F289FC7-EF11-46D8-967F-FBCAAA3B8045}"
EndProject
Project("{2150E333-8FDC-42A3-9474-1A3956D46DE8}") = "03 - CORE", "03 - CORE", "{3D67EC05-859C-4AF2-8A40-89103F83AA44}"
EndProject
Project("{2150E333-8FDC-42A3-9474-1A3956D46DE8}") = "04 - INFRASTRUCTURE", "04 - INFRASTRUCTURE", "{A7FB9152-7BF5-4C41-8717-274DC1FD8396}"
EndProject
Project("{2150E333-8FDC-42A3-9474-1A3956D46DE8}") = "05 - TESTS", "05 - TESTS", "{53653D4D-3AC4-493A-95EF-2BCBDD14CEB1}"
EndProject
Project("{9A19103F-16F7-4668-BE54-9A1E7A4F7556}") = "FIAP.TECH.UI", "FIAP.TECH.UI\FIAP.TECH.UI.csproj", "{7B2DD610-FDCC-44EA-93F7-B3675AED14C0}"
EndProject
Project("{9A19103F-16F7-4668-BE54-9A1E7A4F7556}") = "FIAP.TECH.API", "FIAP.TECH.API\FIAP.TECH.API.csproj", "{CC47D675-F158-4C4F-9359-D2F2349F9C2E}"
EndProject
Project("{9A19103F-16F7-4668-BE54-9A1E7A4F7556}") = "FIAP.TECH.CORE.APPLICATION", "FIAP.TECH.CORE.APPLICATION\FIAP.TECH.CORE.APPLICATION.csproj", "{4E31B9E5-D01F-46A1-8BC6-8453EECC6315}"
EndProject
Project("{9A19103F-16F7-4668-BE54-9A1E7A4F7556}") = "FIAP.TECH.CORE.DOMAIN", "FIAP.TECH.CORE.DOMAIN\FIAP.TECH.CORE.DOMAIN.csproj", "{1DD8DF2F-A582-4A39-B88B-403B463CA120}"
EndProject
Project("{9A19103F-16F7-4668-BE54-9A1E7A4F7556}") = "FIAP.TECH.INFRASTRUCTURE", "FIAP.TECH.INFRASTRUCTURE\FIAP.TECH.INFRASTRUCTURE.csproj", "{59B28B81-ED7A-4127-996A-5904A6B37FE9}"
EndProject
Project("{9A19103F-16F7-4668-BE54-9A1E7A4F7556}") = "FIAP.TECH.TESTS", "FIAP.TECH.TESTS\FIAP.TECH.TESTS.csproj", "{0B5D28FD-621C-4E1B-A3C9-64D2862C43FA}"
EndProject
Project("{9A19103F-16F7-4668-BE54-9A1E7A4F7556}") = "FIAP.TECH.AUTH", "FIAP.TECH.AUTH\FIAP.TECH.AUTH.csproj", "{6EAF1969-5C41-4E1E-A5D0-1A66FD21636F}"
EndProject
Project("{E53339B2-1760-4266-BCC7-CA923CBCF16C}") = "docker-compose", "docker-compose.dcproj", "{FD13727B-7C75-4C24-8194-846447035F0C}"
EndProject
Global
	GlobalSection(SolutionConfigurationPlatforms) = preSolution
		Debug|Any CPU = Debug|Any CPU
		Release|Any CPU = Release|Any CPU
	EndGlobalSection
	GlobalSection(ProjectConfigurationPlatforms) = postSolution
		{7B2DD610-FDCC-44EA-93F7-B3675AED14C0}.Debug|Any CPU.ActiveCfg = Debug|Any CPU
		{7B2DD610-FDCC-44EA-93F7-B3675AED14C0}.Debug|Any CPU.Build.0 = Debug|Any CPU
		{7B2DD610-FDCC-44EA-93F7-B3675AED14C0}.Release|Any CPU.ActiveCfg = Release|Any CPU
		{7B2DD610-FDCC-44EA-93F7-B3675AED14C0}.Release|Any CPU.Build.0 = Release|Any CPU
		{CC47D675-F158-4C4F-9359-D2F2349F9C2E}.Debug|Any CPU.ActiveCfg = Debug|Any CPU
		{CC47D675-F158-4C4F-9359-D2F2349F9C2E}.Debug|Any CPU.Build.0 = Debug|Any CPU
		{CC47D675-F158-4C4F-9359-D2F2349F9C2E}.Release|Any CPU.ActiveCfg = Release|Any CPU
		{CC47D675-F158-4C4F-9359-D2F2349F9C2E}.Release|Any CPU.Build.0 = Release|Any CPU
		{4E31B9E5-D01F-46A1-8BC6-8453EECC6315}.Debug|Any CPU.ActiveCfg = Debug|Any CPU
		{4E31B9E5-D01F-46A1-8BC6-8453EECC6315}.Debug|Any CPU.Build.0 = Debug|Any CPU
		{4E31B9E5-D01F-46A1-8BC6-8453EECC6315}.Release|Any CPU.ActiveCfg = Release|Any CPU
		{4E31B9E5-D01F-46A1-8BC6-8453EECC6315}.Release|Any CPU.Build.0 = Release|Any CPU
		{1DD8DF2F-A582-4A39-B88B-403B463CA120}.Debug|Any CPU.ActiveCfg = Debug|Any CPU
		{1DD8DF2F-A582-4A39-B88B-403B463CA120}.Debug|Any CPU.Build.0 = Debug|Any CPU
		{1DD8DF2F-A582-4A39-B88B-403B463CA120}.Release|Any CPU.ActiveCfg = Release|Any CPU
		{1DD8DF2F-A582-4A39-B88B-403B463CA120}.Release|Any CPU.Build.0 = Release|Any CPU
		{59B28B81-ED7A-4127-996A-5904A6B37FE9}.Debug|Any CPU.ActiveCfg = Debug|Any CPU
		{59B28B81-ED7A-4127-996A-5904A6B37FE9}.Debug|Any CPU.Build.0 = Debug|Any CPU
		{59B28B81-ED7A-4127-996A-5904A6B37FE9}.Release|Any CPU.ActiveCfg = Release|Any CPU
		{59B28B81-ED7A-4127-996A-5904A6B37FE9}.Release|Any CPU.Build.0 = Release|Any CPU
		{0B5D28FD-621C-4E1B-A3C9-64D2862C43FA}.Debug|Any CPU.ActiveCfg = Debug|Any CPU
		{0B5D28FD-621C-4E1B-A3C9-64D2862C43FA}.Debug|Any CPU.Build.0 = Debug|Any CPU
		{0B5D28FD-621C-4E1B-A3C9-64D2862C43FA}.Release|Any CPU.ActiveCfg = Release|Any CPU
		{0B5D28FD-621C-4E1B-A3C9-64D2862C43FA}.Release|Any CPU.Build.0 = Release|Any CPU
		{6EAF1969-5C41-4E1E-A5D0-1A66FD21636F}.Debug|Any CPU.ActiveCfg = Debug|Any CPU
		{6EAF1969-5C41-4E1E-A5D0-1A66FD21636F}.Debug|Any CPU.Build.0 = Debug|Any CPU
		{6EAF1969-5C41-4E1E-A5D0-1A66FD21636F}.Release|Any CPU.ActiveCfg = Release|Any CPU
		{6EAF1969-5C41-4E1E-A5D0-1A66FD21636F}.Release|Any CPU.Build.0 = Release|Any CPU
		{FD13727B-7C75-4C24-8194-846447035F0C}.Debug|Any CPU.ActiveCfg = Debug|Any CPU
		{FD13727B-7C75-4C24-8194-846447035F0C}.Debug|Any CPU.Build.0 = Debug|Any CPU
		{FD13727B-7C75-4C24-8194-846447035F0C}.Release|Any CPU.ActiveCfg = Release|Any CPU
		{FD13727B-7C75-4C24-8194-846447035F0C}.Release|Any CPU.Build.0 = Release|Any CPU
	EndGlobalSection
	GlobalSection(SolutionProperties) = preSolution
		HideSolutionNode = FALSE
	EndGlobalSection
	GlobalSection(NestedProjects) = preSolution
		{7B2DD610-FDCC-44EA-93F7-B3675AED14C0} = {01130A74-17C9-4A64-B1D1-5C36452A77B2}
		{CC47D675-F158-4C4F-9359-D2F2349F9C2E} = {3F289FC7-EF11-46D8-967F-FBCAAA3B8045}
		{4E31B9E5-D01F-46A1-8BC6-8453EECC6315} = {3D67EC05-859C-4AF2-8A40-89103F83AA44}
		{1DD8DF2F-A582-4A39-B88B-403B463CA120} = {3D67EC05-859C-4AF2-8A40-89103F83AA44}
		{59B28B81-ED7A-4127-996A-5904A6B37FE9} = {A7FB9152-7BF5-4C41-8717-274DC1FD8396}
		{0B5D28FD-621C-4E1B-A3C9-64D2862C43FA} = {53653D4D-3AC4-493A-95EF-2BCBDD14CEB1}
		{6EAF1969-5C41-4E1E-A5D0-1A66FD21636F} = {3F289FC7-EF11-46D8-967F-FBCAAA3B8045}
	EndGlobalSection
	GlobalSection(ExtensibilityGlobals) = postSolution
		SolutionGuid = {02C6A7ED-991E-4C5C-9B72-151489DE41A2}
	EndGlobalSection
EndGlobal
